// !$*UTF8*$!
{
	archiveVersion = 1;
	classes = {
	};
	objectVersion = 56;
	objects = {

/* Begin PBXBuildFile section */
		8E0CA2C72C3675E300335C57 /* LumberjackedApp.swift in Sources */ = {isa = PBXBuildFile; fileRef = 8E0CA2C62C3675E300335C57 /* LumberjackedApp.swift */; };
		8E0CA2C92C3675E300335C57 /* HomeView.swift in Sources */ = {isa = PBXBuildFile; fileRef = 8E0CA2C82C3675E300335C57 /* HomeView.swift */; };
		8E0CA2CB2C3675E400335C57 /* Assets.xcassets in Resources */ = {isa = PBXBuildFile; fileRef = 8E0CA2CA2C3675E400335C57 /* Assets.xcassets */; };
		8E0CA2CE2C3675E400335C57 /* Preview Assets.xcassets in Resources */ = {isa = PBXBuildFile; fileRef = 8E0CA2CD2C3675E400335C57 /* Preview Assets.xcassets */; };
		8E5EB98C2C37B34C00186172 /* Movement.swift in Sources */ = {isa = PBXBuildFile; fileRef = 8E5EB98B2C37B34C00186172 /* Movement.swift */; };
		8E5EB9A82C38643500186172 /* MovementDetailView.swift in Sources */ = {isa = PBXBuildFile; fileRef = 8E5EB9A72C38643500186172 /* MovementDetailView.swift */; };
		8E5EB9AA2C38D72100186172 /* LogInputView.swift in Sources */ = {isa = PBXBuildFile; fileRef = 8E5EB9A92C38D72100186172 /* LogInputView.swift */; };
		8E5EB9AC2C3920FA00186172 /* Util.swift in Sources */ = {isa = PBXBuildFile; fileRef = 8E5EB9AB2C3920FA00186172 /* Util.swift */; };
		8E5EB9B22C3A3D4B00186172 /* HomeView-ViewModel.swift in Sources */ = {isa = PBXBuildFile; fileRef = 8E5EB9B12C3A3D4B00186172 /* HomeView-ViewModel.swift */; };
		8E5EB9B42C3A418500186172 /* MovementDetailView-ViewModel.swift in Sources */ = {isa = PBXBuildFile; fileRef = 8E5EB9B32C3A418500186172 /* MovementDetailView-ViewModel.swift */; };
		8E5EB9BB2C3CF3C700186172 /* ContainerView-ViewModel.swift in Sources */ = {isa = PBXBuildFile; fileRef = 8E5EB9BA2C3CF3C700186172 /* ContainerView-ViewModel.swift */; };
		8E5EB9BD2C3CF3D100186172 /* ContainerView.swift in Sources */ = {isa = PBXBuildFile; fileRef = 8E5EB9BC2C3CF3D100186172 /* ContainerView.swift */; };
		8E5EB9BF2C3D038900186172 /* LogInputView-ViewModel.swift in Sources */ = {isa = PBXBuildFile; fileRef = 8E5EB9BE2C3D038900186172 /* LogInputView-ViewModel.swift */; };
/* End PBXBuildFile section */

/* Begin PBXFileReference section */
		8E0CA2C32C3675E300335C57 /* Lumberjacked.app */ = {isa = PBXFileReference; explicitFileType = wrapper.application; includeInIndex = 0; path = Lumberjacked.app; sourceTree = BUILT_PRODUCTS_DIR; };
		8E0CA2C62C3675E300335C57 /* LumberjackedApp.swift */ = {isa = PBXFileReference; lastKnownFileType = sourcecode.swift; path = LumberjackedApp.swift; sourceTree = "<group>"; };
		8E0CA2C82C3675E300335C57 /* HomeView.swift */ = {isa = PBXFileReference; lastKnownFileType = sourcecode.swift; path = HomeView.swift; sourceTree = "<group>"; };
		8E0CA2CA2C3675E400335C57 /* Assets.xcassets */ = {isa = PBXFileReference; lastKnownFileType = folder.assetcatalog; path = Assets.xcassets; sourceTree = "<group>"; };
		8E0CA2CD2C3675E400335C57 /* Preview Assets.xcassets */ = {isa = PBXFileReference; lastKnownFileType = folder.assetcatalog; path = "Preview Assets.xcassets"; sourceTree = "<group>"; };
		8E5EB98B2C37B34C00186172 /* Movement.swift */ = {isa = PBXFileReference; lastKnownFileType = sourcecode.swift; path = Movement.swift; sourceTree = "<group>"; };
		8E5EB9A72C38643500186172 /* MovementDetailView.swift */ = {isa = PBXFileReference; lastKnownFileType = sourcecode.swift; path = MovementDetailView.swift; sourceTree = "<group>"; };
		8E5EB9A92C38D72100186172 /* LogInputView.swift */ = {isa = PBXFileReference; lastKnownFileType = sourcecode.swift; path = LogInputView.swift; sourceTree = "<group>"; };
		8E5EB9AB2C3920FA00186172 /* Util.swift */ = {isa = PBXFileReference; lastKnownFileType = sourcecode.swift; path = Util.swift; sourceTree = "<group>"; };
		8E5EB9B12C3A3D4B00186172 /* HomeView-ViewModel.swift */ = {isa = PBXFileReference; lastKnownFileType = sourcecode.swift; path = "HomeView-ViewModel.swift"; sourceTree = "<group>"; };
		8E5EB9B32C3A418500186172 /* MovementDetailView-ViewModel.swift */ = {isa = PBXFileReference; lastKnownFileType = sourcecode.swift; path = "MovementDetailView-ViewModel.swift"; sourceTree = "<group>"; };
		8E5EB9BA2C3CF3C700186172 /* ContainerView-ViewModel.swift */ = {isa = PBXFileReference; lastKnownFileType = sourcecode.swift; path = "ContainerView-ViewModel.swift"; sourceTree = "<group>"; };
		8E5EB9BC2C3CF3D100186172 /* ContainerView.swift */ = {isa = PBXFileReference; lastKnownFileType = sourcecode.swift; path = ContainerView.swift; sourceTree = "<group>"; };
		8E5EB9BE2C3D038900186172 /* LogInputView-ViewModel.swift */ = {isa = PBXFileReference; lastKnownFileType = sourcecode.swift; path = "LogInputView-ViewModel.swift"; sourceTree = "<group>"; };
/* End PBXFileReference section */

/* Begin PBXFrameworksBuildPhase section */
		8E0CA2C02C3675E300335C57 /* Frameworks */ = {
			isa = PBXFrameworksBuildPhase;
			buildActionMask = 2147483647;
			files = (
			);
			runOnlyForDeploymentPostprocessing = 0;
		};
/* End PBXFrameworksBuildPhase section */

/* Begin PBXGroup section */
		8E0CA2BA2C3675E300335C57 = {
			isa = PBXGroup;
			children = (
				8E0CA2C52C3675E300335C57 /* Lumberjacked */,
				8E0CA2C42C3675E300335C57 /* Products */,
			);
			sourceTree = "<group>";
		};
		8E0CA2C42C3675E300335C57 /* Products */ = {
			isa = PBXGroup;
			children = (
				8E0CA2C32C3675E300335C57 /* Lumberjacked.app */,
			);
			name = Products;
			sourceTree = "<group>";
		};
		8E0CA2C52C3675E300335C57 /* Lumberjacked */ = {
			isa = PBXGroup;
			children = (
				8E5EB9B02C3A13C900186172 /* Views */,
				8E5EB98A2C37B31F00186172 /* Models */,
				8E0CA2C62C3675E300335C57 /* LumberjackedApp.swift */,
				8E0CA2CA2C3675E400335C57 /* Assets.xcassets */,
				8E0CA2CC2C3675E400335C57 /* Preview Content */,
				8E5EB9AB2C3920FA00186172 /* Util.swift */,
			);
			path = Lumberjacked;
			sourceTree = "<group>";
		};
		8E0CA2CC2C3675E400335C57 /* Preview Content */ = {
			isa = PBXGroup;
			children = (
				8E0CA2CD2C3675E400335C57 /* Preview Assets.xcassets */,
			);
			path = "Preview Content";
			sourceTree = "<group>";
		};
		8E5EB98A2C37B31F00186172 /* Models */ = {
			isa = PBXGroup;
			children = (
				8E5EB98B2C37B34C00186172 /* Movement.swift */,
			);
			path = Models;
			sourceTree = "<group>";
		};
		8E5EB9AD2C3A138800186172 /* HomeView */ = {
			isa = PBXGroup;
			children = (
				8E0CA2C82C3675E300335C57 /* HomeView.swift */,
				8E5EB9B12C3A3D4B00186172 /* HomeView-ViewModel.swift */,
			);
			path = HomeView;
			sourceTree = "<group>";
		};
		8E5EB9AE2C3A139800186172 /* LogInputView */ = {
			isa = PBXGroup;
			children = (
				8E5EB9A92C38D72100186172 /* LogInputView.swift */,
				8E5EB9BE2C3D038900186172 /* LogInputView-ViewModel.swift */,
			);
			path = LogInputView;
			sourceTree = "<group>";
		};
		8E5EB9AF2C3A13AD00186172 /* MovementDetailView */ = {
			isa = PBXGroup;
			children = (
				8E5EB9A72C38643500186172 /* MovementDetailView.swift */,
				8E5EB9B32C3A418500186172 /* MovementDetailView-ViewModel.swift */,
			);
			path = MovementDetailView;
			sourceTree = "<group>";
		};
		8E5EB9B02C3A13C900186172 /* Views */ = {
			isa = PBXGroup;
			children = (
				8E5EB9B92C3CF39000186172 /* ContainerView */,
				8E5EB9AD2C3A138800186172 /* HomeView */,
				8E5EB9AF2C3A13AD00186172 /* MovementDetailView */,
				8E5EB9AE2C3A139800186172 /* LogInputView */,
			);
			path = Views;
			sourceTree = "<group>";
		};
		8E5EB9B92C3CF39000186172 /* ContainerView */ = {
			isa = PBXGroup;
			children = (
				8E5EB9BC2C3CF3D100186172 /* ContainerView.swift */,
				8E5EB9BA2C3CF3C700186172 /* ContainerView-ViewModel.swift */,
			);
			path = ContainerView;
			sourceTree = "<group>";
		};
/* End PBXGroup section */

/* Begin PBXNativeTarget section */
		8E0CA2C22C3675E300335C57 /* Lumberjacked */ = {
			isa = PBXNativeTarget;
			buildConfigurationList = 8E0CA2D12C3675E400335C57 /* Build configuration list for PBXNativeTarget "Lumberjacked" */;
			buildPhases = (
				8E0CA2BF2C3675E300335C57 /* Sources */,
				8E0CA2C02C3675E300335C57 /* Frameworks */,
				8E0CA2C12C3675E300335C57 /* Resources */,
			);
			buildRules = (
			);
			dependencies = (
			);
			name = Lumberjacked;
			productName = Lumberjacked;
			productReference = 8E0CA2C32C3675E300335C57 /* Lumberjacked.app */;
			productType = "com.apple.product-type.application";
		};
/* End PBXNativeTarget section */

/* Begin PBXProject section */
		8E0CA2BB2C3675E300335C57 /* Project object */ = {
			isa = PBXProject;
			attributes = {
				BuildIndependentTargetsInParallel = 1;
				LastSwiftUpdateCheck = 1530;
				LastUpgradeCheck = 1530;
				TargetAttributes = {
					8E0CA2C22C3675E300335C57 = {
						CreatedOnToolsVersion = 15.3;
					};
				};
			};
			buildConfigurationList = 8E0CA2BE2C3675E300335C57 /* Build configuration list for PBXProject "Lumberjacked" */;
			compatibilityVersion = "Xcode 14.0";
			developmentRegion = en;
			hasScannedForEncodings = 0;
			knownRegions = (
				en,
				Base,
			);
			mainGroup = 8E0CA2BA2C3675E300335C57;
			productRefGroup = 8E0CA2C42C3675E300335C57 /* Products */;
			projectDirPath = "";
			projectRoot = "";
			targets = (
				8E0CA2C22C3675E300335C57 /* Lumberjacked */,
			);
		};
/* End PBXProject section */

/* Begin PBXResourcesBuildPhase section */
		8E0CA2C12C3675E300335C57 /* Resources */ = {
			isa = PBXResourcesBuildPhase;
			buildActionMask = 2147483647;
			files = (
				8E0CA2CE2C3675E400335C57 /* Preview Assets.xcassets in Resources */,
				8E0CA2CB2C3675E400335C57 /* Assets.xcassets in Resources */,
			);
			runOnlyForDeploymentPostprocessing = 0;
		};
/* End PBXResourcesBuildPhase section */

/* Begin PBXSourcesBuildPhase section */
		8E0CA2BF2C3675E300335C57 /* Sources */ = {
			isa = PBXSourcesBuildPhase;
			buildActionMask = 2147483647;
			files = (
				8E5EB9BD2C3CF3D100186172 /* ContainerView.swift in Sources */,
				8E5EB9BB2C3CF3C700186172 /* ContainerView-ViewModel.swift in Sources */,
				8E5EB9A82C38643500186172 /* MovementDetailView.swift in Sources */,
				8E5EB9AC2C3920FA00186172 /* Util.swift in Sources */,
				8E5EB9AA2C38D72100186172 /* LogInputView.swift in Sources */,
				8E5EB9B42C3A418500186172 /* MovementDetailView-ViewModel.swift in Sources */,
				8E0CA2C92C3675E300335C57 /* HomeView.swift in Sources */,
				8E0CA2C72C3675E300335C57 /* LumberjackedApp.swift in Sources */,
				8E5EB9BF2C3D038900186172 /* LogInputView-ViewModel.swift in Sources */,
				8E5EB9B22C3A3D4B00186172 /* HomeView-ViewModel.swift in Sources */,
				8E5EB98C2C37B34C00186172 /* Movement.swift in Sources */,
			);
			runOnlyForDeploymentPostprocessing = 0;
		};
/* End PBXSourcesBuildPhase section */

/* Begin XCBuildConfiguration section */
		8E0CA2CF2C3675E400335C57 /* Debug */ = {
			isa = XCBuildConfiguration;
			buildSettings = {
				ALWAYS_SEARCH_USER_PATHS = NO;
				ASSETCATALOG_COMPILER_GENERATE_SWIFT_ASSET_SYMBOL_EXTENSIONS = YES;
				CLANG_ANALYZER_NONNULL = YES;
				CLANG_ANALYZER_NUMBER_OBJECT_CONVERSION = YES_AGGRESSIVE;
				CLANG_CXX_LANGUAGE_STANDARD = "gnu++20";
				CLANG_ENABLE_MODULES = YES;
				CLANG_ENABLE_OBJC_ARC = YES;
				CLANG_ENABLE_OBJC_WEAK = YES;
				CLANG_WARN_BLOCK_CAPTURE_AUTORELEASING = YES;
				CLANG_WARN_BOOL_CONVERSION = YES;
				CLANG_WARN_COMMA = YES;
				CLANG_WARN_CONSTANT_CONVERSION = YES;
				CLANG_WARN_DEPRECATED_OBJC_IMPLEMENTATIONS = YES;
				CLANG_WARN_DIRECT_OBJC_ISA_USAGE = YES_ERROR;
				CLANG_WARN_DOCUMENTATION_COMMENTS = YES;
				CLANG_WARN_EMPTY_BODY = YES;
				CLANG_WARN_ENUM_CONVERSION = YES;
				CLANG_WARN_INFINITE_RECURSION = YES;
				CLANG_WARN_INT_CONVERSION = YES;
				CLANG_WARN_NON_LITERAL_NULL_CONVERSION = YES;
				CLANG_WARN_OBJC_IMPLICIT_RETAIN_SELF = YES;
				CLANG_WARN_OBJC_LITERAL_CONVERSION = YES;
				CLANG_WARN_OBJC_ROOT_CLASS = YES_ERROR;
				CLANG_WARN_QUOTED_INCLUDE_IN_FRAMEWORK_HEADER = YES;
				CLANG_WARN_RANGE_LOOP_ANALYSIS = YES;
				CLANG_WARN_STRICT_PROTOTYPES = YES;
				CLANG_WARN_SUSPICIOUS_MOVE = YES;
				CLANG_WARN_UNGUARDED_AVAILABILITY = YES_AGGRESSIVE;
				CLANG_WARN_UNREACHABLE_CODE = YES;
				CLANG_WARN__DUPLICATE_METHOD_MATCH = YES;
				COPY_PHASE_STRIP = NO;
				DEBUG_INFORMATION_FORMAT = dwarf;
				ENABLE_STRICT_OBJC_MSGSEND = YES;
				ENABLE_TESTABILITY = YES;
				ENABLE_USER_SCRIPT_SANDBOXING = YES;
				GCC_C_LANGUAGE_STANDARD = gnu17;
				GCC_DYNAMIC_NO_PIC = NO;
				GCC_NO_COMMON_BLOCKS = YES;
				GCC_OPTIMIZATION_LEVEL = 0;
				GCC_PREPROCESSOR_DEFINITIONS = (
					"DEBUG=1",
					"$(inherited)",
				);
				GCC_WARN_64_TO_32_BIT_CONVERSION = YES;
				GCC_WARN_ABOUT_RETURN_TYPE = YES_ERROR;
				GCC_WARN_UNDECLARED_SELECTOR = YES;
				GCC_WARN_UNINITIALIZED_AUTOS = YES_AGGRESSIVE;
				GCC_WARN_UNUSED_FUNCTION = YES;
				GCC_WARN_UNUSED_VARIABLE = YES;
				IPHONEOS_DEPLOYMENT_TARGET = 17.4;
				LOCALIZATION_PREFERS_STRING_CATALOGS = YES;
				MTL_ENABLE_DEBUG_INFO = INCLUDE_SOURCE;
				MTL_FAST_MATH = YES;
				ONLY_ACTIVE_ARCH = YES;
				SDKROOT = iphoneos;
				SWIFT_ACTIVE_COMPILATION_CONDITIONS = "DEBUG $(inherited)";
				SWIFT_OPTIMIZATION_LEVEL = "-Onone";
			};
			name = Debug;
		};
		8E0CA2D02C3675E400335C57 /* Release */ = {
			isa = XCBuildConfiguration;
			buildSettings = {
				ALWAYS_SEARCH_USER_PATHS = NO;
				ASSETCATALOG_COMPILER_GENERATE_SWIFT_ASSET_SYMBOL_EXTENSIONS = YES;
				CLANG_ANALYZER_NONNULL = YES;
				CLANG_ANALYZER_NUMBER_OBJECT_CONVERSION = YES_AGGRESSIVE;
				CLANG_CXX_LANGUAGE_STANDARD = "gnu++20";
				CLANG_ENABLE_MODULES = YES;
				CLANG_ENABLE_OBJC_ARC = YES;
				CLANG_ENABLE_OBJC_WEAK = YES;
				CLANG_WARN_BLOCK_CAPTURE_AUTORELEASING = YES;
				CLANG_WARN_BOOL_CONVERSION = YES;
				CLANG_WARN_COMMA = YES;
				CLANG_WARN_CONSTANT_CONVERSION = YES;
				CLANG_WARN_DEPRECATED_OBJC_IMPLEMENTATIONS = YES;
				CLANG_WARN_DIRECT_OBJC_ISA_USAGE = YES_ERROR;
				CLANG_WARN_DOCUMENTATION_COMMENTS = YES;
				CLANG_WARN_EMPTY_BODY = YES;
				CLANG_WARN_ENUM_CONVERSION = YES;
				CLANG_WARN_INFINITE_RECURSION = YES;
				CLANG_WARN_INT_CONVERSION = YES;
				CLANG_WARN_NON_LITERAL_NULL_CONVERSION = YES;
				CLANG_WARN_OBJC_IMPLICIT_RETAIN_SELF = YES;
				CLANG_WARN_OBJC_LITERAL_CONVERSION = YES;
				CLANG_WARN_OBJC_ROOT_CLASS = YES_ERROR;
				CLANG_WARN_QUOTED_INCLUDE_IN_FRAMEWORK_HEADER = YES;
				CLANG_WARN_RANGE_LOOP_ANALYSIS = YES;
				CLANG_WARN_STRICT_PROTOTYPES = YES;
				CLANG_WARN_SUSPICIOUS_MOVE = YES;
				CLANG_WARN_UNGUARDED_AVAILABILITY = YES_AGGRESSIVE;
				CLANG_WARN_UNREACHABLE_CODE = YES;
				CLANG_WARN__DUPLICATE_METHOD_MATCH = YES;
				COPY_PHASE_STRIP = NO;
				DEBUG_INFORMATION_FORMAT = "dwarf-with-dsym";
				ENABLE_NS_ASSERTIONS = NO;
				ENABLE_STRICT_OBJC_MSGSEND = YES;
				ENABLE_USER_SCRIPT_SANDBOXING = YES;
				GCC_C_LANGUAGE_STANDARD = gnu17;
				GCC_NO_COMMON_BLOCKS = YES;
				GCC_WARN_64_TO_32_BIT_CONVERSION = YES;
				GCC_WARN_ABOUT_RETURN_TYPE = YES_ERROR;
				GCC_WARN_UNDECLARED_SELECTOR = YES;
				GCC_WARN_UNINITIALIZED_AUTOS = YES_AGGRESSIVE;
				GCC_WARN_UNUSED_FUNCTION = YES;
				GCC_WARN_UNUSED_VARIABLE = YES;
				IPHONEOS_DEPLOYMENT_TARGET = 17.4;
				LOCALIZATION_PREFERS_STRING_CATALOGS = YES;
				MTL_ENABLE_DEBUG_INFO = NO;
				MTL_FAST_MATH = YES;
				SDKROOT = iphoneos;
				SWIFT_COMPILATION_MODE = wholemodule;
				VALIDATE_PRODUCT = YES;
			};
			name = Release;
		};
		8E0CA2D22C3675E400335C57 /* Debug */ = {
			isa = XCBuildConfiguration;
			buildSettings = {
				ASSETCATALOG_COMPILER_APPICON_NAME = AppIcon;
				ASSETCATALOG_COMPILER_GLOBAL_ACCENT_COLOR_NAME = AccentColor;
				CODE_SIGN_STYLE = Automatic;
				CURRENT_PROJECT_VERSION = 1;
				DEVELOPMENT_ASSET_PATHS = "\"Lumberjacked/Preview Content\"";
				ENABLE_PREVIEWS = YES;
				GENERATE_INFOPLIST_FILE = YES;
				INFOPLIST_KEY_UIApplicationSceneManifest_Generation = YES;
				INFOPLIST_KEY_UIApplicationSupportsIndirectInputEvents = YES;
				INFOPLIST_KEY_UILaunchScreen_Generation = YES;
				INFOPLIST_KEY_UISupportedInterfaceOrientations_iPad = "UIInterfaceOrientationPortrait UIInterfaceOrientationPortraitUpsideDown UIInterfaceOrientationLandscapeLeft UIInterfaceOrientationLandscapeRight";
				INFOPLIST_KEY_UISupportedInterfaceOrientations_iPhone = "UIInterfaceOrientationPortrait UIInterfaceOrientationLandscapeLeft UIInterfaceOrientationLandscapeRight";
				LD_RUNPATH_SEARCH_PATHS = (
					"$(inherited)",
					"@executable_path/Frameworks",
				);
				MARKETING_VERSION = 1.0;
				PRODUCT_BUNDLE_IDENTIFIER = com.FarbodRafezy.Lumberjacked;
				PRODUCT_NAME = "$(TARGET_NAME)";
				SWIFT_EMIT_LOC_STRINGS = YES;
				SWIFT_VERSION = 5.0;
				TARGETED_DEVICE_FAMILY = "1,2";
			};
			name = Debug;
		};
		8E0CA2D32C3675E400335C57 /* Release */ = {
			isa = XCBuildConfiguration;
			buildSettings = {
				ASSETCATALOG_COMPILER_APPICON_NAME = AppIcon;
				ASSETCATALOG_COMPILER_GLOBAL_ACCENT_COLOR_NAME = AccentColor;
				CODE_SIGN_STYLE = Automatic;
				CURRENT_PROJECT_VERSION = 1;
				DEVELOPMENT_ASSET_PATHS = "\"Lumberjacked/Preview Content\"";
				ENABLE_PREVIEWS = YES;
				GENERATE_INFOPLIST_FILE = YES;
				INFOPLIST_KEY_UIApplicationSceneManifest_Generation = YES;
				INFOPLIST_KEY_UIApplicationSupportsIndirectInputEvents = YES;
				INFOPLIST_KEY_UILaunchScreen_Generation = YES;
				INFOPLIST_KEY_UISupportedInterfaceOrientations_iPad = "UIInterfaceOrientationPortrait UIInterfaceOrientationPortraitUpsideDown UIInterfaceOrientationLandscapeLeft UIInterfaceOrientationLandscapeRight";
				INFOPLIST_KEY_UISupportedInterfaceOrientations_iPhone = "UIInterfaceOrientationPortrait UIInterfaceOrientationLandscapeLeft UIInterfaceOrientationLandscapeRight";
				LD_RUNPATH_SEARCH_PATHS = (
					"$(inherited)",
					"@executable_path/Frameworks",
				);
				MARKETING_VERSION = 1.0;
				PRODUCT_BUNDLE_IDENTIFIER = com.FarbodRafezy.Lumberjacked;
				PRODUCT_NAME = "$(TARGET_NAME)";
				SWIFT_EMIT_LOC_STRINGS = YES;
				SWIFT_VERSION = 5.0;
				TARGETED_DEVICE_FAMILY = "1,2";
			};
			name = Release;
		};
/* End XCBuildConfiguration section */

/* Begin XCConfigurationList section */
		8E0CA2BE2C3675E300335C57 /* Build configuration list for PBXProject "Lumberjacked" */ = {
			isa = XCConfigurationList;
			buildConfigurations = (
				8E0CA2CF2C3675E400335C57 /* Debug */,
				8E0CA2D02C3675E400335C57 /* Release */,
			);
			defaultConfigurationIsVisible = 0;
			defaultConfigurationName = Release;
		};
		8E0CA2D12C3675E400335C57 /* Build configuration list for PBXNativeTarget "Lumberjacked" */ = {
			isa = XCConfigurationList;
			buildConfigurations = (
				8E0CA2D22C3675E400335C57 /* Debug */,
				8E0CA2D32C3675E400335C57 /* Release */,
			);
			defaultConfigurationIsVisible = 0;
			defaultConfigurationName = Release;
		};
/* End XCConfigurationList section */
	};
	rootObject = 8E0CA2BB2C3675E300335C57 /* Project object */;
}
